// !$*UTF8*$!
{
	archiveVersion = 1;
	classes = {
	};
	objectVersion = 50;
	objects = {

/* Begin PBXBuildFile section */
		850FBBEA25383F690095468A /* TDTabChildViewController.swift in Sources */ = {isa = PBXBuildFile; fileRef = 850FBBE925383F690095468A /* TDTabChildViewController.swift */; };
		850FBBEE25383FBD0095468A /* TDTabCollectionCell.swift in Sources */ = {isa = PBXBuildFile; fileRef = 850FBBED25383FBD0095468A /* TDTabCollectionCell.swift */; };
		850FBBF125383FD60095468A /* TDTabViewController.swift in Sources */ = {isa = PBXBuildFile; fileRef = 850FBBF025383FD60095468A /* TDTabViewController.swift */; };
		850FBBFD253841200095468A /* AppDelegate.swift in Sources */ = {isa = PBXBuildFile; fileRef = 850FBBFC253841200095468A /* AppDelegate.swift */; };
		850FBBFF253841200095468A /* SceneDelegate.swift in Sources */ = {isa = PBXBuildFile; fileRef = 850FBBFE253841200095468A /* SceneDelegate.swift */; };
		850FBC01253841200095468A /* ViewController.swift in Sources */ = {isa = PBXBuildFile; fileRef = 850FBC00253841200095468A /* ViewController.swift */; };
		850FBC04253841200095468A /* Main.storyboard in Resources */ = {isa = PBXBuildFile; fileRef = 850FBC02253841200095468A /* Main.storyboard */; };
		850FBC06253841220095468A /* Assets.xcassets in Resources */ = {isa = PBXBuildFile; fileRef = 850FBC05253841220095468A /* Assets.xcassets */; };
		850FBC09253841220095468A /* LaunchScreen.storyboard in Resources */ = {isa = PBXBuildFile; fileRef = 850FBC07253841220095468A /* LaunchScreen.storyboard */; };
		850FBC15253841B00095468A /* TDTabView.framework in Frameworks */ = {isa = PBXBuildFile; fileRef = 859307DE2537F43900822E10 /* TDTabView.framework */; };
		850FBC16253841B00095468A /* TDTabView.framework in Embed Frameworks */ = {isa = PBXBuildFile; fileRef = 859307DE2537F43900822E10 /* TDTabView.framework */; settings = {ATTRIBUTES = (CodeSignOnCopy, RemoveHeadersOnCopy, ); }; };
		85166798253C4C2500F7AB7D /* TableViewController.swift in Sources */ = {isa = PBXBuildFile; fileRef = 85166797253C4C2500F7AB7D /* TableViewController.swift */; };
		8516679C253C4C2E00F7AB7D /* WebViewController.swift in Sources */ = {isa = PBXBuildFile; fileRef = 8516679B253C4C2E00F7AB7D /* WebViewController.swift */; };
		8516679F253C4C3600F7AB7D /* ImageViewController.swift in Sources */ = {isa = PBXBuildFile; fileRef = 8516679E253C4C3600F7AB7D /* ImageViewController.swift */; };
		851667A5253C4D8500F7AB7D /* Web.storyboard in Resources */ = {isa = PBXBuildFile; fileRef = 851667A4253C4D8500F7AB7D /* Web.storyboard */; };
		851667A8253C4D8D00F7AB7D /* Table.storyboard in Resources */ = {isa = PBXBuildFile; fileRef = 851667A7253C4D8D00F7AB7D /* Table.storyboard */; };
		851667AB253C4D9400F7AB7D /* Image.storyboard in Resources */ = {isa = PBXBuildFile; fileRef = 851667AA253C4D9400F7AB7D /* Image.storyboard */; };
/* End PBXBuildFile section */

/* Begin PBXContainerItemProxy section */
		850FBC17253841B00095468A /* PBXContainerItemProxy */ = {
			isa = PBXContainerItemProxy;
			containerPortal = 859307D52537F43900822E10 /* Project object */;
			proxyType = 1;
			remoteGlobalIDString = 859307DD2537F43900822E10;
			remoteInfo = TDTabView;
		};
/* End PBXContainerItemProxy section */

/* Begin PBXCopyFilesBuildPhase section */
		850FBC19253841B00095468A /* Embed Frameworks */ = {
			isa = PBXCopyFilesBuildPhase;
			buildActionMask = 2147483647;
			dstPath = "";
			dstSubfolderSpec = 10;
			files = (
				850FBC16253841B00095468A /* TDTabView.framework in Embed Frameworks */,
			);
			name = "Embed Frameworks";
			runOnlyForDeploymentPostprocessing = 0;
		};
/* End PBXCopyFilesBuildPhase section */

/* Begin PBXFileReference section */
		850FBBE925383F690095468A /* TDTabChildViewController.swift */ = {isa = PBXFileReference; lastKnownFileType = sourcecode.swift; path = TDTabChildViewController.swift; sourceTree = "<group>"; };
		850FBBED25383FBD0095468A /* TDTabCollectionCell.swift */ = {isa = PBXFileReference; lastKnownFileType = sourcecode.swift; path = TDTabCollectionCell.swift; sourceTree = "<group>"; };
		850FBBF025383FD60095468A /* TDTabViewController.swift */ = {isa = PBXFileReference; lastKnownFileType = sourcecode.swift; path = TDTabViewController.swift; sourceTree = "<group>"; };
		850FBBFA253841200095468A /* Example.app */ = {isa = PBXFileReference; explicitFileType = wrapper.application; includeInIndex = 0; path = Example.app; sourceTree = BUILT_PRODUCTS_DIR; };
		850FBBFC253841200095468A /* AppDelegate.swift */ = {isa = PBXFileReference; lastKnownFileType = sourcecode.swift; path = AppDelegate.swift; sourceTree = "<group>"; };
		850FBBFE253841200095468A /* SceneDelegate.swift */ = {isa = PBXFileReference; lastKnownFileType = sourcecode.swift; path = SceneDelegate.swift; sourceTree = "<group>"; };
		850FBC00253841200095468A /* ViewController.swift */ = {isa = PBXFileReference; lastKnownFileType = sourcecode.swift; path = ViewController.swift; sourceTree = "<group>"; };
		850FBC03253841200095468A /* Base */ = {isa = PBXFileReference; lastKnownFileType = file.storyboard; name = Base; path = Base.lproj/Main.storyboard; sourceTree = "<group>"; };
		850FBC05253841220095468A /* Assets.xcassets */ = {isa = PBXFileReference; lastKnownFileType = folder.assetcatalog; path = Assets.xcassets; sourceTree = "<group>"; };
		850FBC08253841220095468A /* Base */ = {isa = PBXFileReference; lastKnownFileType = file.storyboard; name = Base; path = Base.lproj/LaunchScreen.storyboard; sourceTree = "<group>"; };
		850FBC0A253841220095468A /* Info.plist */ = {isa = PBXFileReference; lastKnownFileType = text.plist.xml; path = Info.plist; sourceTree = "<group>"; };
		85166797253C4C2500F7AB7D /* TableViewController.swift */ = {isa = PBXFileReference; lastKnownFileType = sourcecode.swift; path = TableViewController.swift; sourceTree = "<group>"; };
		8516679B253C4C2E00F7AB7D /* WebViewController.swift */ = {isa = PBXFileReference; lastKnownFileType = sourcecode.swift; path = WebViewController.swift; sourceTree = "<group>"; };
		8516679E253C4C3600F7AB7D /* ImageViewController.swift */ = {isa = PBXFileReference; lastKnownFileType = sourcecode.swift; path = ImageViewController.swift; sourceTree = "<group>"; };
		851667A4253C4D8500F7AB7D /* Web.storyboard */ = {isa = PBXFileReference; lastKnownFileType = file.storyboard; path = Web.storyboard; sourceTree = "<group>"; };
		851667A7253C4D8D00F7AB7D /* Table.storyboard */ = {isa = PBXFileReference; lastKnownFileType = file.storyboard; path = Table.storyboard; sourceTree = "<group>"; };
		851667AA253C4D9400F7AB7D /* Image.storyboard */ = {isa = PBXFileReference; lastKnownFileType = file.storyboard; path = Image.storyboard; sourceTree = "<group>"; };
		8521F502253F3E3B009B09E1 /* Package.swift */ = {isa = PBXFileReference; fileEncoding = 4; lastKnownFileType = sourcecode.swift; path = Package.swift; sourceTree = "<group>"; };
		859307DE2537F43900822E10 /* TDTabView.framework */ = {isa = PBXFileReference; explicitFileType = wrapper.framework; includeInIndex = 0; path = TDTabView.framework; sourceTree = BUILT_PRODUCTS_DIR; };
		859307E22537F43900822E10 /* Info.plist */ = {isa = PBXFileReference; lastKnownFileType = text.plist.xml; path = Info.plist; sourceTree = "<group>"; };
/* End PBXFileReference section */

/* Begin PBXFrameworksBuildPhase section */
		850FBBF7253841200095468A /* Frameworks */ = {
			isa = PBXFrameworksBuildPhase;
			buildActionMask = 2147483647;
			files = (
				850FBC15253841B00095468A /* TDTabView.framework in Frameworks */,
			);
			runOnlyForDeploymentPostprocessing = 0;
		};
		859307DB2537F43900822E10 /* Frameworks */ = {
			isa = PBXFrameworksBuildPhase;
			buildActionMask = 2147483647;
			files = (
			);
			runOnlyForDeploymentPostprocessing = 0;
		};
/* End PBXFrameworksBuildPhase section */

/* Begin PBXGroup section */
		850FBBFB253841200095468A /* Example */ = {
			isa = PBXGroup;
			children = (
				850FBBFC253841200095468A /* AppDelegate.swift */,
				850FBBFE253841200095468A /* SceneDelegate.swift */,
				850FBC00253841200095468A /* ViewController.swift */,
				850FBC02253841200095468A /* Main.storyboard */,
				850FBC05253841220095468A /* Assets.xcassets */,
				850FBC07253841220095468A /* LaunchScreen.storyboard */,
				851667A2253C4D6200F7AB7D /* Web */,
				851667A1253C4D5C00F7AB7D /* Table */,
				851667A3253C4D6E00F7AB7D /* Image */,
				850FBC0A253841220095468A /* Info.plist */,
			);
			path = Example;
			sourceTree = "<group>";
		};
		850FBC14253841B00095468A /* Frameworks */ = {
			isa = PBXGroup;
			children = (
			);
			name = Frameworks;
			sourceTree = "<group>";
		};
		851667A1253C4D5C00F7AB7D /* Table */ = {
			isa = PBXGroup;
			children = (
				851667A7253C4D8D00F7AB7D /* Table.storyboard */,
				85166797253C4C2500F7AB7D /* TableViewController.swift */,
			);
			path = Table;
			sourceTree = "<group>";
		};
		851667A2253C4D6200F7AB7D /* Web */ = {
			isa = PBXGroup;
			children = (
				851667A4253C4D8500F7AB7D /* Web.storyboard */,
				8516679B253C4C2E00F7AB7D /* WebViewController.swift */,
			);
			path = Web;
			sourceTree = "<group>";
		};
		851667A3253C4D6E00F7AB7D /* Image */ = {
			isa = PBXGroup;
			children = (
				851667AA253C4D9400F7AB7D /* Image.storyboard */,
				8516679E253C4C3600F7AB7D /* ImageViewController.swift */,
			);
			path = Image;
			sourceTree = "<group>";
		};
		859307D42537F43900822E10 = {
			isa = PBXGroup;
			children = (
				8521F502253F3E3B009B09E1 /* Package.swift */,
				859307E02537F43900822E10 /* TDTabView */,
				850FBBFB253841200095468A /* Example */,
				859307DF2537F43900822E10 /* Products */,
				850FBC14253841B00095468A /* Frameworks */,
			);
			sourceTree = "<group>";
		};
		859307DF2537F43900822E10 /* Products */ = {
			isa = PBXGroup;
			children = (
				859307DE2537F43900822E10 /* TDTabView.framework */,
				850FBBFA253841200095468A /* Example.app */,
			);
			name = Products;
			sourceTree = "<group>";
		};
		859307E02537F43900822E10 /* TDTabView */ = {
			isa = PBXGroup;
			children = (
				859307E22537F43900822E10 /* Info.plist */,
				850FBBF025383FD60095468A /* TDTabViewController.swift */,
				850FBBED25383FBD0095468A /* TDTabCollectionCell.swift */,
				850FBBE925383F690095468A /* TDTabChildViewController.swift */,
			);
			path = TDTabView;
			sourceTree = "<group>";
		};
/* End PBXGroup section */

/* Begin PBXHeadersBuildPhase section */
		859307D92537F43900822E10 /* Headers */ = {
			isa = PBXHeadersBuildPhase;
			buildActionMask = 2147483647;
			files = (
			);
			runOnlyForDeploymentPostprocessing = 0;
		};
/* End PBXHeadersBuildPhase section */

/* Begin PBXNativeTarget section */
		850FBBF9253841200095468A /* Example */ = {
			isa = PBXNativeTarget;
			buildConfigurationList = 850FBC0B253841220095468A /* Build configuration list for PBXNativeTarget "Example" */;
			buildPhases = (
				850FBBF6253841200095468A /* Sources */,
				850FBBF7253841200095468A /* Frameworks */,
				850FBBF8253841200095468A /* Resources */,
				850FBC19253841B00095468A /* Embed Frameworks */,
			);
			buildRules = (
			);
			dependencies = (
				850FBC18253841B00095468A /* PBXTargetDependency */,
			);
			name = Example;
			productName = Example;
			productReference = 850FBBFA253841200095468A /* Example.app */;
			productType = "com.apple.product-type.application";
		};
		859307DD2537F43900822E10 /* TDTabView */ = {
			isa = PBXNativeTarget;
			buildConfigurationList = 859307E62537F43900822E10 /* Build configuration list for PBXNativeTarget "TDTabView" */;
			buildPhases = (
				859307D92537F43900822E10 /* Headers */,
				859307DA2537F43900822E10 /* Sources */,
				859307DB2537F43900822E10 /* Frameworks */,
				859307DC2537F43900822E10 /* Resources */,
			);
			buildRules = (
			);
			dependencies = (
			);
			name = TDTabView;
			productName = TDTabView;
			productReference = 859307DE2537F43900822E10 /* TDTabView.framework */;
			productType = "com.apple.product-type.framework";
		};
/* End PBXNativeTarget section */

/* Begin PBXProject section */
		859307D52537F43900822E10 /* Project object */ = {
			isa = PBXProject;
			attributes = {
				LastSwiftUpdateCheck = 1200;
				LastUpgradeCheck = 1200;
				TargetAttributes = {
					850FBBF9253841200095468A = {
						CreatedOnToolsVersion = 12.0;
					};
					859307DD2537F43900822E10 = {
						CreatedOnToolsVersion = 12.0;
						LastSwiftMigration = 1200;
					};
				};
			};
			buildConfigurationList = 859307D82537F43900822E10 /* Build configuration list for PBXProject "TDTabView" */;
			compatibilityVersion = "Xcode 9.3";
			developmentRegion = en;
			hasScannedForEncodings = 0;
			knownRegions = (
				en,
				Base,
			);
			mainGroup = 859307D42537F43900822E10;
			productRefGroup = 859307DF2537F43900822E10 /* Products */;
			projectDirPath = "";
			projectRoot = "";
			targets = (
				859307DD2537F43900822E10 /* TDTabView */,
				850FBBF9253841200095468A /* Example */,
			);
		};
/* End PBXProject section */

/* Begin PBXResourcesBuildPhase section */
		850FBBF8253841200095468A /* Resources */ = {
			isa = PBXResourcesBuildPhase;
			buildActionMask = 2147483647;
			files = (
				850FBC09253841220095468A /* LaunchScreen.storyboard in Resources */,
				850FBC06253841220095468A /* Assets.xcassets in Resources */,
				851667AB253C4D9400F7AB7D /* Image.storyboard in Resources */,
				851667A8253C4D8D00F7AB7D /* Table.storyboard in Resources */,
				850FBC04253841200095468A /* Main.storyboard in Resources */,
				851667A5253C4D8500F7AB7D /* Web.storyboard in Resources */,
			);
			runOnlyForDeploymentPostprocessing = 0;
		};
		859307DC2537F43900822E10 /* Resources */ = {
			isa = PBXResourcesBuildPhase;
			buildActionMask = 2147483647;
			files = (
			);
			runOnlyForDeploymentPostprocessing = 0;
		};
/* End PBXResourcesBuildPhase section */

/* Begin PBXSourcesBuildPhase section */
		850FBBF6253841200095468A /* Sources */ = {
			isa = PBXSourcesBuildPhase;
			buildActionMask = 2147483647;
			files = (
				850FBC01253841200095468A /* ViewController.swift in Sources */,
				850FBBFD253841200095468A /* AppDelegate.swift in Sources */,
				850FBBFF253841200095468A /* SceneDelegate.swift in Sources */,
				8516679C253C4C2E00F7AB7D /* WebViewController.swift in Sources */,
				8516679F253C4C3600F7AB7D /* ImageViewController.swift in Sources */,
				85166798253C4C2500F7AB7D /* TableViewController.swift in Sources */,
			);
			runOnlyForDeploymentPostprocessing = 0;
		};
		859307DA2537F43900822E10 /* Sources */ = {
			isa = PBXSourcesBuildPhase;
			buildActionMask = 2147483647;
			files = (
				850FBBF125383FD60095468A /* TDTabViewController.swift in Sources */,
				850FBBEA25383F690095468A /* TDTabChildViewController.swift in Sources */,
				850FBBEE25383FBD0095468A /* TDTabCollectionCell.swift in Sources */,
			);
			runOnlyForDeploymentPostprocessing = 0;
		};
/* End PBXSourcesBuildPhase section */

/* Begin PBXTargetDependency section */
		850FBC18253841B00095468A /* PBXTargetDependency */ = {
			isa = PBXTargetDependency;
			target = 859307DD2537F43900822E10 /* TDTabView */;
			targetProxy = 850FBC17253841B00095468A /* PBXContainerItemProxy */;
		};
/* End PBXTargetDependency section */

/* Begin PBXVariantGroup section */
		850FBC02253841200095468A /* Main.storyboard */ = {
			isa = PBXVariantGroup;
			children = (
				850FBC03253841200095468A /* Base */,
			);
			name = Main.storyboard;
			sourceTree = "<group>";
		};
		850FBC07253841220095468A /* LaunchScreen.storyboard */ = {
			isa = PBXVariantGroup;
			children = (
				850FBC08253841220095468A /* Base */,
			);
			name = LaunchScreen.storyboard;
			sourceTree = "<group>";
		};
/* End PBXVariantGroup section */

/* Begin XCBuildConfiguration section */
		850FBC0C253841220095468A /* Debug */ = {
			isa = XCBuildConfiguration;
			buildSettings = {
				ASSETCATALOG_COMPILER_APPICON_NAME = AppIcon;
				ASSETCATALOG_COMPILER_GLOBAL_ACCENT_COLOR_NAME = AccentColor;
				CODE_SIGN_STYLE = Automatic;
				INFOPLIST_FILE = Example/Info.plist;
				IPHONEOS_DEPLOYMENT_TARGET = 14.0;
				LD_RUNPATH_SEARCH_PATHS = (
					"$(inherited)",
					"@executable_path/Frameworks",
				);
				PRODUCT_BUNDLE_IDENTIFIER = y.marui.Example;
				PRODUCT_NAME = "$(TARGET_NAME)";
				SWIFT_VERSION = 5.0;
				TARGETED_DEVICE_FAMILY = "1,2";
			};
			name = Debug;
		};
		850FBC0D253841220095468A /* Release */ = {
			isa = XCBuildConfiguration;
			buildSettings = {
				ASSETCATALOG_COMPILER_APPICON_NAME = AppIcon;
				ASSETCATALOG_COMPILER_GLOBAL_ACCENT_COLOR_NAME = AccentColor;
				CODE_SIGN_STYLE = Automatic;
				INFOPLIST_FILE = Example/Info.plist;
				IPHONEOS_DEPLOYMENT_TARGET = 14.0;
				LD_RUNPATH_SEARCH_PATHS = (
					"$(inherited)",
					"@executable_path/Frameworks",
				);
				PRODUCT_BUNDLE_IDENTIFIER = y.marui.Example;
				PRODUCT_NAME = "$(TARGET_NAME)";
				SWIFT_VERSION = 5.0;
				TARGETED_DEVICE_FAMILY = "1,2";
			};
			name = Release;
		};
		859307E42537F43900822E10 /* Debug */ = {
			isa = XCBuildConfiguration;
			buildSettings = {
				ALWAYS_SEARCH_USER_PATHS = NO;
				CLANG_ANALYZER_NONNULL = YES;
				CLANG_ANALYZER_NUMBER_OBJECT_CONVERSION = YES_AGGRESSIVE;
				CLANG_CXX_LANGUAGE_STANDARD = "gnu++14";
				CLANG_CXX_LIBRARY = "libc++";
				CLANG_ENABLE_MODULES = YES;
				CLANG_ENABLE_OBJC_ARC = YES;
				CLANG_ENABLE_OBJC_WEAK = YES;
				CLANG_WARN_BLOCK_CAPTURE_AUTORELEASING = YES;
				CLANG_WARN_BOOL_CONVERSION = YES;
				CLANG_WARN_COMMA = YES;
				CLANG_WARN_CONSTANT_CONVERSION = YES;
				CLANG_WARN_DEPRECATED_OBJC_IMPLEMENTATIONS = YES;
				CLANG_WARN_DIRECT_OBJC_ISA_USAGE = YES_ERROR;
				CLANG_WARN_DOCUMENTATION_COMMENTS = YES;
				CLANG_WARN_EMPTY_BODY = YES;
				CLANG_WARN_ENUM_CONVERSION = YES;
				CLANG_WARN_INFINITE_RECURSION = YES;
				CLANG_WARN_INT_CONVERSION = YES;
				CLANG_WARN_NON_LITERAL_NULL_CONVERSION = YES;
				CLANG_WARN_OBJC_IMPLICIT_RETAIN_SELF = YES;
				CLANG_WARN_OBJC_LITERAL_CONVERSION = YES;
				CLANG_WARN_OBJC_ROOT_CLASS = YES_ERROR;
				CLANG_WARN_QUOTED_INCLUDE_IN_FRAMEWORK_HEADER = YES;
				CLANG_WARN_RANGE_LOOP_ANALYSIS = YES;
				CLANG_WARN_STRICT_PROTOTYPES = YES;
				CLANG_WARN_SUSPICIOUS_MOVE = YES;
				CLANG_WARN_UNGUARDED_AVAILABILITY = YES_AGGRESSIVE;
				CLANG_WARN_UNREACHABLE_CODE = YES;
				CLANG_WARN__DUPLICATE_METHOD_MATCH = YES;
				COPY_PHASE_STRIP = NO;
				CURRENT_PROJECT_VERSION = 1;
				DEBUG_INFORMATION_FORMAT = dwarf;
				ENABLE_STRICT_OBJC_MSGSEND = YES;
				ENABLE_TESTABILITY = YES;
				GCC_C_LANGUAGE_STANDARD = gnu11;
				GCC_DYNAMIC_NO_PIC = NO;
				GCC_NO_COMMON_BLOCKS = YES;
				GCC_OPTIMIZATION_LEVEL = 0;
				GCC_PREPROCESSOR_DEFINITIONS = (
					"DEBUG=1",
					"$(inherited)",
				);
				GCC_WARN_64_TO_32_BIT_CONVERSION = YES;
				GCC_WARN_ABOUT_RETURN_TYPE = YES_ERROR;
				GCC_WARN_UNDECLARED_SELECTOR = YES;
				GCC_WARN_UNINITIALIZED_AUTOS = YES_AGGRESSIVE;
				GCC_WARN_UNUSED_FUNCTION = YES;
				GCC_WARN_UNUSED_VARIABLE = YES;
				IPHONEOS_DEPLOYMENT_TARGET = 12.0;
				MTL_ENABLE_DEBUG_INFO = INCLUDE_SOURCE;
				MTL_FAST_MATH = YES;
				ONLY_ACTIVE_ARCH = YES;
				SDKROOT = iphoneos;
				SWIFT_ACTIVE_COMPILATION_CONDITIONS = DEBUG;
				SWIFT_OPTIMIZATION_LEVEL = "-Onone";
				VERSIONING_SYSTEM = "apple-generic";
				VERSION_INFO_PREFIX = "";
			};
			name = Debug;
		};
		859307E52537F43900822E10 /* Release */ = {
			isa = XCBuildConfiguration;
			buildSettings = {
				ALWAYS_SEARCH_USER_PATHS = NO;
				CLANG_ANALYZER_NONNULL = YES;
				CLANG_ANALYZER_NUMBER_OBJECT_CONVERSION = YES_AGGRESSIVE;
				CLANG_CXX_LANGUAGE_STANDARD = "gnu++14";
				CLANG_CXX_LIBRARY = "libc++";
				CLANG_ENABLE_MODULES = YES;
				CLANG_ENABLE_OBJC_ARC = YES;
				CLANG_ENABLE_OBJC_WEAK = YES;
				CLANG_WARN_BLOCK_CAPTURE_AUTORELEASING = YES;
				CLANG_WARN_BOOL_CONVERSION = YES;
				CLANG_WARN_COMMA = YES;
				CLANG_WARN_CONSTANT_CONVERSION = YES;
				CLANG_WARN_DEPRECATED_OBJC_IMPLEMENTATIONS = YES;
				CLANG_WARN_DIRECT_OBJC_ISA_USAGE = YES_ERROR;
				CLANG_WARN_DOCUMENTATION_COMMENTS = YES;
				CLANG_WARN_EMPTY_BODY = YES;
				CLANG_WARN_ENUM_CONVERSION = YES;
				CLANG_WARN_INFINITE_RECURSION = YES;
				CLANG_WARN_INT_CONVERSION = YES;
				CLANG_WARN_NON_LITERAL_NULL_CONVERSION = YES;
				CLANG_WARN_OBJC_IMPLICIT_RETAIN_SELF = YES;
				CLANG_WARN_OBJC_LITERAL_CONVERSION = YES;
				CLANG_WARN_OBJC_ROOT_CLASS = YES_ERROR;
				CLANG_WARN_QUOTED_INCLUDE_IN_FRAMEWORK_HEADER = YES;
				CLANG_WARN_RANGE_LOOP_ANALYSIS = YES;
				CLANG_WARN_STRICT_PROTOTYPES = YES;
				CLANG_WARN_SUSPICIOUS_MOVE = YES;
				CLANG_WARN_UNGUARDED_AVAILABILITY = YES_AGGRESSIVE;
				CLANG_WARN_UNREACHABLE_CODE = YES;
				CLANG_WARN__DUPLICATE_METHOD_MATCH = YES;
				COPY_PHASE_STRIP = NO;
				CURRENT_PROJECT_VERSION = 1;
				DEBUG_INFORMATION_FORMAT = "dwarf-with-dsym";
				ENABLE_NS_ASSERTIONS = NO;
				ENABLE_STRICT_OBJC_MSGSEND = YES;
				GCC_C_LANGUAGE_STANDARD = gnu11;
				GCC_NO_COMMON_BLOCKS = YES;
				GCC_WARN_64_TO_32_BIT_CONVERSION = YES;
				GCC_WARN_ABOUT_RETURN_TYPE = YES_ERROR;
				GCC_WARN_UNDECLARED_SELECTOR = YES;
				GCC_WARN_UNINITIALIZED_AUTOS = YES_AGGRESSIVE;
				GCC_WARN_UNUSED_FUNCTION = YES;
				GCC_WARN_UNUSED_VARIABLE = YES;
				IPHONEOS_DEPLOYMENT_TARGET = 12.0;
				MTL_ENABLE_DEBUG_INFO = NO;
				MTL_FAST_MATH = YES;
				SDKROOT = iphoneos;
				SWIFT_COMPILATION_MODE = wholemodule;
				SWIFT_OPTIMIZATION_LEVEL = "-O";
				VALIDATE_PRODUCT = YES;
				VERSIONING_SYSTEM = "apple-generic";
				VERSION_INFO_PREFIX = "";
			};
			name = Release;
		};
		859307E72537F43900822E10 /* Debug */ = {
			isa = XCBuildConfiguration;
			buildSettings = {
				CLANG_ENABLE_MODULES = YES;
				CODE_SIGN_STYLE = Automatic;
				DEFINES_MODULE = YES;
				DYLIB_COMPATIBILITY_VERSION = 1;
				DYLIB_CURRENT_VERSION = 1;
				DYLIB_INSTALL_NAME_BASE = "@rpath";
				EXCLUDED_ARCHS = arm64;
				INFOPLIST_FILE = TDTabView/Info.plist;
				INSTALL_PATH = "$(LOCAL_LIBRARY_DIR)/Frameworks";
				IPHONEOS_DEPLOYMENT_TARGET = 12.0;
				LD_RUNPATH_SEARCH_PATHS = (
					"$(inherited)",
					"@executable_path/Frameworks",
					"@loader_path/Frameworks",
				);
				PRODUCT_BUNDLE_IDENTIFIER = y.marui.TDTabView;
				PRODUCT_NAME = "$(TARGET_NAME:c99extidentifier)";
				SKIP_INSTALL = YES;
				SUPPORTS_MACCATALYST = NO;
				SWIFT_OPTIMIZATION_LEVEL = "-Onone";
				SWIFT_VERSION = 5.0;
				TARGETED_DEVICE_FAMILY = "1,2";
			};
			name = Debug;
		};
		859307E82537F43900822E10 /* Release */ = {
			isa = XCBuildConfiguration;
			buildSettings = {
				CLANG_ENABLE_MODULES = YES;
				CODE_SIGN_STYLE = Automatic;
				DEFINES_MODULE = YES;
				DYLIB_COMPATIBILITY_VERSION = 1;
				DYLIB_CURRENT_VERSION = 1;
				DYLIB_INSTALL_NAME_BASE = "@rpath";
				EXCLUDED_ARCHS = arm64;
				INFOPLIST_FILE = TDTabView/Info.plist;
				INSTALL_PATH = "$(LOCAL_LIBRARY_DIR)/Frameworks";
				IPHONEOS_DEPLOYMENT_TARGET = 12.0;
				LD_RUNPATH_SEARCH_PATHS = (
					"$(inherited)",
					"@executable_path/Frameworks",
					"@loader_path/Frameworks",
				);
				PRODUCT_BUNDLE_IDENTIFIER = y.marui.TDTabView;
				PRODUCT_NAME = "$(TARGET_NAME:c99extidentifier)";
				SKIP_INSTALL = YES;
				SUPPORTS_MACCATALYST = NO;
				SWIFT_VERSION = 5.0;
				TARGETED_DEVICE_FAMILY = "1,2";
			};
			name = Release;
		};
/* End XCBuildConfiguration section */

/* Begin XCConfigurationList section */
		850FBC0B253841220095468A /* Build configuration list for PBXNativeTarget "Example" */ = {
			isa = XCConfigurationList;
			buildConfigurations = (
				850FBC0C253841220095468A /* Debug */,
				850FBC0D253841220095468A /* Release */,
			);
			defaultConfigurationIsVisible = 0;
			defaultConfigurationName = Release;
		};
		859307D82537F43900822E10 /* Build configuration list for PBXProject "TDTabView" */ = {
			isa = XCConfigurationList;
			buildConfigurations = (
				859307E42537F43900822E10 /* Debug */,
				859307E52537F43900822E10 /* Release */,
			);
			defaultConfigurationIsVisible = 0;
			defaultConfigurationName = Release;
		};
		859307E62537F43900822E10 /* Build configuration list for PBXNativeTarget "TDTabView" */ = {
			isa = XCConfigurationList;
			buildConfigurations = (
				859307E72537F43900822E10 /* Debug */,
				859307E82537F43900822E10 /* Release */,
			);
			defaultConfigurationIsVisible = 0;
			defaultConfigurationName = Release;
		};
/* End XCConfigurationList section */
	};
	rootObject = 859307D52537F43900822E10 /* Project object */;
}
